// !$*UTF8*$!
{
	archiveVersion = 1;
	classes = {
	};
	objectVersion = 56;
	objects = {

/* Begin PBXBuildFile section */
		7E0643772B87FA1900F59738 /* MainTextField.swift in Sources */ = {isa = PBXBuildFile; fileRef = 7E0643762B87FA1900F59738 /* MainTextField.swift */; };
		7E06437A2B87FE2100F59738 /* LoginAssembly.swift in Sources */ = {isa = PBXBuildFile; fileRef = 7E0643792B87FE2100F59738 /* LoginAssembly.swift */; };
		7E06437C2B87FE2D00F59738 /* LoginPresenter.swift in Sources */ = {isa = PBXBuildFile; fileRef = 7E06437B2B87FE2D00F59738 /* LoginPresenter.swift */; };
		7E06437E2B87FE4000F59738 /* LoginViewController.swift in Sources */ = {isa = PBXBuildFile; fileRef = 7E06437D2B87FE4000F59738 /* LoginViewController.swift */; };
		7E0643802B87FE4A00F59738 /* LoginView.swift in Sources */ = {isa = PBXBuildFile; fileRef = 7E06437F2B87FE4A00F59738 /* LoginView.swift */; };
		7E0643822B88052B00F59738 /* LoginModuleOutput.swift in Sources */ = {isa = PBXBuildFile; fileRef = 7E0643812B88052B00F59738 /* LoginModuleOutput.swift */; };
		813324062B854D4E000386EB /* AppDelegate.swift in Sources */ = {isa = PBXBuildFile; fileRef = 813324052B854D4E000386EB /* AppDelegate.swift */; };
		813324082B854D4E000386EB /* SceneDelegate.swift in Sources */ = {isa = PBXBuildFile; fileRef = 813324072B854D4E000386EB /* SceneDelegate.swift */; };
		8133240F2B854D51000386EB /* Assets.xcassets in Resources */ = {isa = PBXBuildFile; fileRef = 8133240E2B854D51000386EB /* Assets.xcassets */; };
		813324122B854D51000386EB /* LaunchScreen.storyboard in Resources */ = {isa = PBXBuildFile; fileRef = 813324102B854D51000386EB /* LaunchScreen.storyboard */; };
		8133241A2B854DAF000386EB /* AppCoordinator.swift in Sources */ = {isa = PBXBuildFile; fileRef = 813324192B854DAF000386EB /* AppCoordinator.swift */; };
		8133241D2B854E28000386EB /* Coordinator.swift in Sources */ = {isa = PBXBuildFile; fileRef = 8133241C2B854E28000386EB /* Coordinator.swift */; };
		813324202B854EE0000386EB /* AuthAssembly.swift in Sources */ = {isa = PBXBuildFile; fileRef = 8133241F2B854EE0000386EB /* AuthAssembly.swift */; };
		813324222B855031000386EB /* AuthPresenter.swift in Sources */ = {isa = PBXBuildFile; fileRef = 813324212B855031000386EB /* AuthPresenter.swift */; };
		813324242B8550C2000386EB /* AuthViewController.swift in Sources */ = {isa = PBXBuildFile; fileRef = 813324232B8550C2000386EB /* AuthViewController.swift */; };
		813324272B85522C000386EB /* AuthModuleOutput.swift in Sources */ = {isa = PBXBuildFile; fileRef = 813324262B85522C000386EB /* AuthModuleOutput.swift */; };
		813324292B85527A000386EB /* AuthView.swift in Sources */ = {isa = PBXBuildFile; fileRef = 813324282B85527A000386EB /* AuthView.swift */; };
		8133242D2B8553F5000386EB /* MainButton.swift in Sources */ = {isa = PBXBuildFile; fileRef = 8133242C2B8553F5000386EB /* MainButton.swift */; };
		8133242F2B85568C000386EB /* UIView+.swift in Sources */ = {isa = PBXBuildFile; fileRef = 8133242E2B85568C000386EB /* UIView+.swift */; };
		813324312B86933C000386EB /* ColorPallete.swift in Sources */ = {isa = PBXBuildFile; fileRef = 813324302B86933C000386EB /* ColorPallete.swift */; };
/* End PBXBuildFile section */

/* Begin PBXFileReference section */
		7E0643762B87FA1900F59738 /* MainTextField.swift */ = {isa = PBXFileReference; lastKnownFileType = sourcecode.swift; path = MainTextField.swift; sourceTree = "<group>"; };
		7E0643792B87FE2100F59738 /* LoginAssembly.swift */ = {isa = PBXFileReference; lastKnownFileType = sourcecode.swift; path = LoginAssembly.swift; sourceTree = "<group>"; };
		7E06437B2B87FE2D00F59738 /* LoginPresenter.swift */ = {isa = PBXFileReference; lastKnownFileType = sourcecode.swift; path = LoginPresenter.swift; sourceTree = "<group>"; };
		7E06437D2B87FE4000F59738 /* LoginViewController.swift */ = {isa = PBXFileReference; lastKnownFileType = sourcecode.swift; path = LoginViewController.swift; sourceTree = "<group>"; };
		7E06437F2B87FE4A00F59738 /* LoginView.swift */ = {isa = PBXFileReference; lastKnownFileType = sourcecode.swift; path = LoginView.swift; sourceTree = "<group>"; };
		7E0643812B88052B00F59738 /* LoginModuleOutput.swift */ = {isa = PBXFileReference; lastKnownFileType = sourcecode.swift; path = LoginModuleOutput.swift; sourceTree = "<group>"; };
		813324022B854D4E000386EB /* AttendanceTracker.app */ = {isa = PBXFileReference; explicitFileType = wrapper.application; includeInIndex = 0; path = AttendanceTracker.app; sourceTree = BUILT_PRODUCTS_DIR; };
		813324052B854D4E000386EB /* AppDelegate.swift */ = {isa = PBXFileReference; lastKnownFileType = sourcecode.swift; path = AppDelegate.swift; sourceTree = "<group>"; };
		813324072B854D4E000386EB /* SceneDelegate.swift */ = {isa = PBXFileReference; lastKnownFileType = sourcecode.swift; path = SceneDelegate.swift; sourceTree = "<group>"; };
		8133240E2B854D51000386EB /* Assets.xcassets */ = {isa = PBXFileReference; lastKnownFileType = folder.assetcatalog; path = Assets.xcassets; sourceTree = "<group>"; };
		813324112B854D51000386EB /* Base */ = {isa = PBXFileReference; lastKnownFileType = file.storyboard; name = Base; path = Base.lproj/LaunchScreen.storyboard; sourceTree = "<group>"; };
		813324132B854D51000386EB /* Info.plist */ = {isa = PBXFileReference; lastKnownFileType = text.plist.xml; path = Info.plist; sourceTree = "<group>"; };
		813324192B854DAF000386EB /* AppCoordinator.swift */ = {isa = PBXFileReference; lastKnownFileType = sourcecode.swift; path = AppCoordinator.swift; sourceTree = "<group>"; };
		8133241C2B854E28000386EB /* Coordinator.swift */ = {isa = PBXFileReference; lastKnownFileType = sourcecode.swift; path = Coordinator.swift; sourceTree = "<group>"; };
		8133241F2B854EE0000386EB /* AuthAssembly.swift */ = {isa = PBXFileReference; lastKnownFileType = sourcecode.swift; path = AuthAssembly.swift; sourceTree = "<group>"; };
		813324212B855031000386EB /* AuthPresenter.swift */ = {isa = PBXFileReference; lastKnownFileType = sourcecode.swift; path = AuthPresenter.swift; sourceTree = "<group>"; };
		813324232B8550C2000386EB /* AuthViewController.swift */ = {isa = PBXFileReference; lastKnownFileType = sourcecode.swift; path = AuthViewController.swift; sourceTree = "<group>"; };
		813324262B85522C000386EB /* AuthModuleOutput.swift */ = {isa = PBXFileReference; lastKnownFileType = sourcecode.swift; path = AuthModuleOutput.swift; sourceTree = "<group>"; };
		813324282B85527A000386EB /* AuthView.swift */ = {isa = PBXFileReference; lastKnownFileType = sourcecode.swift; path = AuthView.swift; sourceTree = "<group>"; };
		8133242C2B8553F5000386EB /* MainButton.swift */ = {isa = PBXFileReference; lastKnownFileType = sourcecode.swift; path = MainButton.swift; sourceTree = "<group>"; };
		8133242E2B85568C000386EB /* UIView+.swift */ = {isa = PBXFileReference; lastKnownFileType = sourcecode.swift; path = "UIView+.swift"; sourceTree = "<group>"; };
		813324302B86933C000386EB /* ColorPallete.swift */ = {isa = PBXFileReference; lastKnownFileType = sourcecode.swift; path = ColorPallete.swift; sourceTree = "<group>"; };
/* End PBXFileReference section */

/* Begin PBXFrameworksBuildPhase section */
		813323FF2B854D4E000386EB /* Frameworks */ = {
			isa = PBXFrameworksBuildPhase;
			buildActionMask = 2147483647;
			files = (
			);
			runOnlyForDeploymentPostprocessing = 0;
		};
/* End PBXFrameworksBuildPhase section */

/* Begin PBXGroup section */
		7E0643782B87FDE700F59738 /* LoginModule */ = {
			isa = PBXGroup;
			children = (
				7E0643792B87FE2100F59738 /* LoginAssembly.swift */,
				7E06437B2B87FE2D00F59738 /* LoginPresenter.swift */,
				7E06437D2B87FE4000F59738 /* LoginViewController.swift */,
				7E06437F2B87FE4A00F59738 /* LoginView.swift */,
			);
			path = LoginModule;
			sourceTree = "<group>";
		};
		813323F92B854D4E000386EB = {
			isa = PBXGroup;
			children = (
				813324042B854D4E000386EB /* AttendanceTracker */,
				813324032B854D4E000386EB /* Products */,
			);
			sourceTree = "<group>";
		};
		813324032B854D4E000386EB /* Products */ = {
			isa = PBXGroup;
			children = (
				813324022B854D4E000386EB /* AttendanceTracker.app */,
			);
			name = Products;
			sourceTree = "<group>";
		};
		813324042B854D4E000386EB /* AttendanceTracker */ = {
			isa = PBXGroup;
			children = (
				7E0643782B87FDE700F59738 /* LoginModule */,
				8133242A2B8553D8000386EB /* DesingSystem */,
				8133241E2B854EAB000386EB /* AuthModule */,
				8133241B2B854DEE000386EB /* Coordinator */,
				813324052B854D4E000386EB /* AppDelegate.swift */,
				813324072B854D4E000386EB /* SceneDelegate.swift */,
				8133240E2B854D51000386EB /* Assets.xcassets */,
				813324102B854D51000386EB /* LaunchScreen.storyboard */,
				813324132B854D51000386EB /* Info.plist */,
			);
			path = AttendanceTracker;
			sourceTree = "<group>";
		};
		8133241B2B854DEE000386EB /* Coordinator */ = {
			isa = PBXGroup;
			children = (
				813324252B855215000386EB /* Contracts */,
				813324192B854DAF000386EB /* AppCoordinator.swift */,
				8133241C2B854E28000386EB /* Coordinator.swift */,
			);
			path = Coordinator;
			sourceTree = "<group>";
		};
		8133241E2B854EAB000386EB /* AuthModule */ = {
			isa = PBXGroup;
			children = (
				8133241F2B854EE0000386EB /* AuthAssembly.swift */,
				813324212B855031000386EB /* AuthPresenter.swift */,
				813324232B8550C2000386EB /* AuthViewController.swift */,
				813324282B85527A000386EB /* AuthView.swift */,
			);
			path = AuthModule;
			sourceTree = "<group>";
		};
		813324252B855215000386EB /* Contracts */ = {
			isa = PBXGroup;
			children = (
				813324262B85522C000386EB /* AuthModuleOutput.swift */,
				7E0643812B88052B00F59738 /* LoginModuleOutput.swift */,
			);
			path = Contracts;
			sourceTree = "<group>";
		};
		8133242A2B8553D8000386EB /* DesingSystem */ = {
			isa = PBXGroup;
			children = (
				8133242B2B8553E4000386EB /* Controls */,
				8133242E2B85568C000386EB /* UIView+.swift */,
				813324302B86933C000386EB /* ColorPallete.swift */,
			);
			path = DesingSystem;
			sourceTree = "<group>";
		};
		8133242B2B8553E4000386EB /* Controls */ = {
			isa = PBXGroup;
			children = (
				8133242C2B8553F5000386EB /* MainButton.swift */,
				7E0643762B87FA1900F59738 /* MainTextField.swift */,
			);
			path = Controls;
			sourceTree = "<group>";
		};
/* End PBXGroup section */

/* Begin PBXNativeTarget section */
		813324012B854D4E000386EB /* AttendanceTracker */ = {
			isa = PBXNativeTarget;
			buildConfigurationList = 813324162B854D51000386EB /* Build configuration list for PBXNativeTarget "AttendanceTracker" */;
			buildPhases = (
				813323FE2B854D4E000386EB /* Sources */,
				813323FF2B854D4E000386EB /* Frameworks */,
				813324002B854D4E000386EB /* Resources */,
			);
			buildRules = (
			);
			dependencies = (
			);
			name = AttendanceTracker;
			productName = AttendanceTracker;
			productReference = 813324022B854D4E000386EB /* AttendanceTracker.app */;
			productType = "com.apple.product-type.application";
		};
/* End PBXNativeTarget section */

/* Begin PBXProject section */
		813323FA2B854D4E000386EB /* Project object */ = {
			isa = PBXProject;
			attributes = {
				BuildIndependentTargetsInParallel = 1;
				LastSwiftUpdateCheck = 1410;
				LastUpgradeCheck = 1410;
				TargetAttributes = {
					813324012B854D4E000386EB = {
						CreatedOnToolsVersion = 14.1;
					};
				};
			};
			buildConfigurationList = 813323FD2B854D4E000386EB /* Build configuration list for PBXProject "AttendanceTracker" */;
			compatibilityVersion = "Xcode 14.0";
			developmentRegion = en;
			hasScannedForEncodings = 0;
			knownRegions = (
				en,
				Base,
			);
			mainGroup = 813323F92B854D4E000386EB;
			productRefGroup = 813324032B854D4E000386EB /* Products */;
			projectDirPath = "";
			projectRoot = "";
			targets = (
				813324012B854D4E000386EB /* AttendanceTracker */,
			);
		};
/* End PBXProject section */

/* Begin PBXResourcesBuildPhase section */
		813324002B854D4E000386EB /* Resources */ = {
			isa = PBXResourcesBuildPhase;
			buildActionMask = 2147483647;
			files = (
				813324122B854D51000386EB /* LaunchScreen.storyboard in Resources */,
				8133240F2B854D51000386EB /* Assets.xcassets in Resources */,
			);
			runOnlyForDeploymentPostprocessing = 0;
		};
/* End PBXResourcesBuildPhase section */

/* Begin PBXSourcesBuildPhase section */
		813323FE2B854D4E000386EB /* Sources */ = {
			isa = PBXSourcesBuildPhase;
			buildActionMask = 2147483647;
			files = (
				8133241A2B854DAF000386EB /* AppCoordinator.swift in Sources */,
				813324222B855031000386EB /* AuthPresenter.swift in Sources */,
				7E0643772B87FA1900F59738 /* MainTextField.swift in Sources */,
				8133241D2B854E28000386EB /* Coordinator.swift in Sources */,
				813324312B86933C000386EB /* ColorPallete.swift in Sources */,
				7E06437A2B87FE2100F59738 /* LoginAssembly.swift in Sources */,
				813324242B8550C2000386EB /* AuthViewController.swift in Sources */,
				813324062B854D4E000386EB /* AppDelegate.swift in Sources */,
				7E0643822B88052B00F59738 /* LoginModuleOutput.swift in Sources */,
				813324292B85527A000386EB /* AuthView.swift in Sources */,
				7E06437C2B87FE2D00F59738 /* LoginPresenter.swift in Sources */,
				7E0643802B87FE4A00F59738 /* LoginView.swift in Sources */,
				8133242D2B8553F5000386EB /* MainButton.swift in Sources */,
				8133242F2B85568C000386EB /* UIView+.swift in Sources */,
				7E06437E2B87FE4000F59738 /* LoginViewController.swift in Sources */,
				813324202B854EE0000386EB /* AuthAssembly.swift in Sources */,
				813324082B854D4E000386EB /* SceneDelegate.swift in Sources */,
				813324272B85522C000386EB /* AuthModuleOutput.swift in Sources */,
			);
			runOnlyForDeploymentPostprocessing = 0;
		};
/* End PBXSourcesBuildPhase section */

/* Begin PBXVariantGroup section */
		813324102B854D51000386EB /* LaunchScreen.storyboard */ = {
			isa = PBXVariantGroup;
			children = (
				813324112B854D51000386EB /* Base */,
			);
			name = LaunchScreen.storyboard;
			sourceTree = "<group>";
		};
/* End PBXVariantGroup section */

/* Begin XCBuildConfiguration section */
		813324142B854D51000386EB /* Debug */ = {
			isa = XCBuildConfiguration;
			buildSettings = {
				ALWAYS_SEARCH_USER_PATHS = NO;
				CLANG_ANALYZER_NONNULL = YES;
				CLANG_ANALYZER_NUMBER_OBJECT_CONVERSION = YES_AGGRESSIVE;
				CLANG_CXX_LANGUAGE_STANDARD = "gnu++20";
				CLANG_ENABLE_MODULES = YES;
				CLANG_ENABLE_OBJC_ARC = YES;
				CLANG_ENABLE_OBJC_WEAK = YES;
				CLANG_WARN_BLOCK_CAPTURE_AUTORELEASING = YES;
				CLANG_WARN_BOOL_CONVERSION = YES;
				CLANG_WARN_COMMA = YES;
				CLANG_WARN_CONSTANT_CONVERSION = YES;
				CLANG_WARN_DEPRECATED_OBJC_IMPLEMENTATIONS = YES;
				CLANG_WARN_DIRECT_OBJC_ISA_USAGE = YES_ERROR;
				CLANG_WARN_DOCUMENTATION_COMMENTS = YES;
				CLANG_WARN_EMPTY_BODY = YES;
				CLANG_WARN_ENUM_CONVERSION = YES;
				CLANG_WARN_INFINITE_RECURSION = YES;
				CLANG_WARN_INT_CONVERSION = YES;
				CLANG_WARN_NON_LITERAL_NULL_CONVERSION = YES;
				CLANG_WARN_OBJC_IMPLICIT_RETAIN_SELF = YES;
				CLANG_WARN_OBJC_LITERAL_CONVERSION = YES;
				CLANG_WARN_OBJC_ROOT_CLASS = YES_ERROR;
				CLANG_WARN_QUOTED_INCLUDE_IN_FRAMEWORK_HEADER = YES;
				CLANG_WARN_RANGE_LOOP_ANALYSIS = YES;
				CLANG_WARN_STRICT_PROTOTYPES = YES;
				CLANG_WARN_SUSPICIOUS_MOVE = YES;
				CLANG_WARN_UNGUARDED_AVAILABILITY = YES_AGGRESSIVE;
				CLANG_WARN_UNREACHABLE_CODE = YES;
				CLANG_WARN__DUPLICATE_METHOD_MATCH = YES;
				COPY_PHASE_STRIP = NO;
				DEBUG_INFORMATION_FORMAT = dwarf;
				ENABLE_STRICT_OBJC_MSGSEND = YES;
				ENABLE_TESTABILITY = YES;
				GCC_C_LANGUAGE_STANDARD = gnu11;
				GCC_DYNAMIC_NO_PIC = NO;
				GCC_NO_COMMON_BLOCKS = YES;
				GCC_OPTIMIZATION_LEVEL = 0;
				GCC_PREPROCESSOR_DEFINITIONS = (
					"DEBUG=1",
					"$(inherited)",
				);
				GCC_WARN_64_TO_32_BIT_CONVERSION = YES;
				GCC_WARN_ABOUT_RETURN_TYPE = YES_ERROR;
				GCC_WARN_UNDECLARED_SELECTOR = YES;
				GCC_WARN_UNINITIALIZED_AUTOS = YES_AGGRESSIVE;
				GCC_WARN_UNUSED_FUNCTION = YES;
				GCC_WARN_UNUSED_VARIABLE = YES;
				IPHONEOS_DEPLOYMENT_TARGET = 16.1;
				MTL_ENABLE_DEBUG_INFO = INCLUDE_SOURCE;
				MTL_FAST_MATH = YES;
				ONLY_ACTIVE_ARCH = YES;
				SDKROOT = iphoneos;
				SWIFT_ACTIVE_COMPILATION_CONDITIONS = DEBUG;
				SWIFT_OPTIMIZATION_LEVEL = "-Onone";
			};
			name = Debug;
		};
		813324152B854D51000386EB /* Release */ = {
			isa = XCBuildConfiguration;
			buildSettings = {
				ALWAYS_SEARCH_USER_PATHS = NO;
				CLANG_ANALYZER_NONNULL = YES;
				CLANG_ANALYZER_NUMBER_OBJECT_CONVERSION = YES_AGGRESSIVE;
				CLANG_CXX_LANGUAGE_STANDARD = "gnu++20";
				CLANG_ENABLE_MODULES = YES;
				CLANG_ENABLE_OBJC_ARC = YES;
				CLANG_ENABLE_OBJC_WEAK = YES;
				CLANG_WARN_BLOCK_CAPTURE_AUTORELEASING = YES;
				CLANG_WARN_BOOL_CONVERSION = YES;
				CLANG_WARN_COMMA = YES;
				CLANG_WARN_CONSTANT_CONVERSION = YES;
				CLANG_WARN_DEPRECATED_OBJC_IMPLEMENTATIONS = YES;
				CLANG_WARN_DIRECT_OBJC_ISA_USAGE = YES_ERROR;
				CLANG_WARN_DOCUMENTATION_COMMENTS = YES;
				CLANG_WARN_EMPTY_BODY = YES;
				CLANG_WARN_ENUM_CONVERSION = YES;
				CLANG_WARN_INFINITE_RECURSION = YES;
				CLANG_WARN_INT_CONVERSION = YES;
				CLANG_WARN_NON_LITERAL_NULL_CONVERSION = YES;
				CLANG_WARN_OBJC_IMPLICIT_RETAIN_SELF = YES;
				CLANG_WARN_OBJC_LITERAL_CONVERSION = YES;
				CLANG_WARN_OBJC_ROOT_CLASS = YES_ERROR;
				CLANG_WARN_QUOTED_INCLUDE_IN_FRAMEWORK_HEADER = YES;
				CLANG_WARN_RANGE_LOOP_ANALYSIS = YES;
				CLANG_WARN_STRICT_PROTOTYPES = YES;
				CLANG_WARN_SUSPICIOUS_MOVE = YES;
				CLANG_WARN_UNGUARDED_AVAILABILITY = YES_AGGRESSIVE;
				CLANG_WARN_UNREACHABLE_CODE = YES;
				CLANG_WARN__DUPLICATE_METHOD_MATCH = YES;
				COPY_PHASE_STRIP = NO;
				DEBUG_INFORMATION_FORMAT = "dwarf-with-dsym";
				ENABLE_NS_ASSERTIONS = NO;
				ENABLE_STRICT_OBJC_MSGSEND = YES;
				GCC_C_LANGUAGE_STANDARD = gnu11;
				GCC_NO_COMMON_BLOCKS = YES;
				GCC_WARN_64_TO_32_BIT_CONVERSION = YES;
				GCC_WARN_ABOUT_RETURN_TYPE = YES_ERROR;
				GCC_WARN_UNDECLARED_SELECTOR = YES;
				GCC_WARN_UNINITIALIZED_AUTOS = YES_AGGRESSIVE;
				GCC_WARN_UNUSED_FUNCTION = YES;
				GCC_WARN_UNUSED_VARIABLE = YES;
				IPHONEOS_DEPLOYMENT_TARGET = 16.1;
				MTL_ENABLE_DEBUG_INFO = NO;
				MTL_FAST_MATH = YES;
				SDKROOT = iphoneos;
				SWIFT_COMPILATION_MODE = wholemodule;
				SWIFT_OPTIMIZATION_LEVEL = "-O";
				VALIDATE_PRODUCT = YES;
			};
			name = Release;
		};
		813324172B854D51000386EB /* Debug */ = {
			isa = XCBuildConfiguration;
			buildSettings = {
				ASSETCATALOG_COMPILER_APPICON_NAME = AppIcon;
				ASSETCATALOG_COMPILER_GLOBAL_ACCENT_COLOR_NAME = AccentColor;
				CODE_SIGN_STYLE = Automatic;
				CURRENT_PROJECT_VERSION = 1;
				DEVELOPMENT_TEAM = 7P9G8L9G3Z;
				GENERATE_INFOPLIST_FILE = YES;
				INFOPLIST_FILE = AttendanceTracker/Info.plist;
				INFOPLIST_KEY_UIApplicationSupportsIndirectInputEvents = YES;
				INFOPLIST_KEY_UILaunchStoryboardName = LaunchScreen;
				INFOPLIST_KEY_UISupportedInterfaceOrientations_iPad = "UIInterfaceOrientationPortrait UIInterfaceOrientationPortraitUpsideDown UIInterfaceOrientationLandscapeLeft UIInterfaceOrientationLandscapeRight";
				INFOPLIST_KEY_UISupportedInterfaceOrientations_iPhone = "UIInterfaceOrientationPortrait UIInterfaceOrientationLandscapeLeft UIInterfaceOrientationLandscapeRight";
				LD_RUNPATH_SEARCH_PATHS = (
					"$(inherited)",
					"@executable_path/Frameworks",
				);
				MARKETING_VERSION = 1.0;
				PRODUCT_BUNDLE_IDENTIFIER = stassie.lzrv.AttendanceTracker;
				PRODUCT_NAME = "$(TARGET_NAME)";
				SWIFT_EMIT_LOC_STRINGS = YES;
				SWIFT_VERSION = 5.0;
				TARGETED_DEVICE_FAMILY = "1,2";
			};
			name = Debug;
		};
		813324182B854D51000386EB /* Release */ = {
			isa = XCBuildConfiguration;
			buildSettings = {
				ASSETCATALOG_COMPILER_APPICON_NAME = AppIcon;
				ASSETCATALOG_COMPILER_GLOBAL_ACCENT_COLOR_NAME = AccentColor;
				CODE_SIGN_STYLE = Automatic;
				CURRENT_PROJECT_VERSION = 1;
				DEVELOPMENT_TEAM = 7P9G8L9G3Z;
				GENERATE_INFOPLIST_FILE = YES;
				INFOPLIST_FILE = AttendanceTracker/Info.plist;
				INFOPLIST_KEY_UIApplicationSupportsIndirectInputEvents = YES;
				INFOPLIST_KEY_UILaunchStoryboardName = LaunchScreen;
				INFOPLIST_KEY_UISupportedInterfaceOrientations_iPad = "UIInterfaceOrientationPortrait UIInterfaceOrientationPortraitUpsideDown UIInterfaceOrientationLandscapeLeft UIInterfaceOrientationLandscapeRight";
				INFOPLIST_KEY_UISupportedInterfaceOrientations_iPhone = "UIInterfaceOrientationPortrait UIInterfaceOrientationLandscapeLeft UIInterfaceOrientationLandscapeRight";
				LD_RUNPATH_SEARCH_PATHS = (
					"$(inherited)",
					"@executable_path/Frameworks",
				);
				MARKETING_VERSION = 1.0;
				PRODUCT_BUNDLE_IDENTIFIER = stassie.lzrv.AttendanceTracker;
				PRODUCT_NAME = "$(TARGET_NAME)";
				SWIFT_EMIT_LOC_STRINGS = YES;
				SWIFT_VERSION = 5.0;
				TARGETED_DEVICE_FAMILY = "1,2";
			};
			name = Release;
		};
/* End XCBuildConfiguration section */

/* Begin XCConfigurationList section */
		813323FD2B854D4E000386EB /* Build configuration list for PBXProject "AttendanceTracker" */ = {
			isa = XCConfigurationList;
			buildConfigurations = (
				813324142B854D51000386EB /* Debug */,
				813324152B854D51000386EB /* Release */,
			);
			defaultConfigurationIsVisible = 0;
			defaultConfigurationName = Release;
		};
		813324162B854D51000386EB /* Build configuration list for PBXNativeTarget "AttendanceTracker" */ = {
			isa = XCConfigurationList;
			buildConfigurations = (
				813324172B854D51000386EB /* Debug */,
				813324182B854D51000386EB /* Release */,
			);
			defaultConfigurationIsVisible = 0;
			defaultConfigurationName = Release;
		};
/* End XCConfigurationList section */
	};
	rootObject = 813323FA2B854D4E000386EB /* Project object */;
}
